
Microsoft Visual Studio Solution File, Format Version 12.00
# Visual Studio Version 16
VisualStudioVersion = 16.0.29409.12
MinimumVisualStudioVersion = 10.0.40219.1
Project("{9A19103F-16F7-4668-BE54-9A1E7A4F7556}") = "Assignment", "Assignment\Assignment.csproj", "{4C7F9DA3-243C-48DF-869E-D327C2760E74}"
EndProject
Project("{FAE04EC0-301F-11D3-BF4B-00C04F79EFBC}") = "ServiceManager", "Manager\ServiceManager.csproj", "{5801EF66-12A5-4CA4-883E-9B644FC5D42C}"
EndProject
Project("{FAE04EC0-301F-11D3-BF4B-00C04F79EFBC}") = "FundaAPIClient", "FundaAPIClient\FundaAPIClient.csproj", "{B50B7479-C766-4523-971C-131126786EDD}"
EndProject
Global
	GlobalSection(SolutionConfigurationPlatforms) = preSolution
		Debug|Any CPU = Debug|Any CPU
		Release|Any CPU = Release|Any CPU
	EndGlobalSection
	GlobalSection(ProjectConfigurationPlatforms) = postSolution
		{4C7F9DA3-243C-48DF-869E-D327C2760E74}.Debug|Any CPU.ActiveCfg = Debug|Any CPU
		{4C7F9DA3-243C-48DF-869E-D327C2760E74}.Debug|Any CPU.Build.0 = Debug|Any CPU
		{4C7F9DA3-243C-48DF-869E-D327C2760E74}.Release|Any CPU.ActiveCfg = Release|Any CPU
		{4C7F9DA3-243C-48DF-869E-D327C2760E74}.Release|Any CPU.Build.0 = Release|Any CPU
		{5801EF66-12A5-4CA4-883E-9B644FC5D42C}.Debug|Any CPU.ActiveCfg = Debug|Any CPU
		{5801EF66-12A5-4CA4-883E-9B644FC5D42C}.Debug|Any CPU.Build.0 = Debug|Any CPU
		{5801EF66-12A5-4CA4-883E-9B644FC5D42C}.Release|Any CPU.ActiveCfg = Release|Any CPU
		{5801EF66-12A5-4CA4-883E-9B644FC5D42C}.Release|Any CPU.Build.0 = Release|Any CPU
		{B50B7479-C766-4523-971C-131126786EDD}.Debug|Any CPU.ActiveCfg = Debug|Any CPU
		{B50B7479-C766-4523-971C-131126786EDD}.Debug|Any CPU.Build.0 = Debug|Any CPU
		{B50B7479-C766-4523-971C-131126786EDD}.Release|Any CPU.ActiveCfg = Release|Any CPU
		{B50B7479-C766-4523-971C-131126786EDD}.Release|Any CPU.Build.0 = Release|Any CPU
	EndGlobalSection
	GlobalSection(SolutionProperties) = preSolution
		HideSolutionNode = FALSE
	EndGlobalSection
	GlobalSection(ExtensibilityGlobals) = postSolution
		SolutionGuid = {C561C12B-F47B-4E16-8F58-8E01D3217B0F}
	EndGlobalSection
EndGlobal
